// !$*UTF8*$!
{
	archiveVersion = 1;
	classes = {
	};
	objectVersion = 55;
	objects = {

/* Begin PBXBuildFile section */
		2E15295D2916DF92003ACEFA /* AppDelegate.swift in Sources */ = {isa = PBXBuildFile; fileRef = 2E15295C2916DF92003ACEFA /* AppDelegate.swift */; };
		2E15295F2916DF92003ACEFA /* SceneDelegate.swift in Sources */ = {isa = PBXBuildFile; fileRef = 2E15295E2916DF92003ACEFA /* SceneDelegate.swift */; };
		2E1529612916DF92003ACEFA /* HomeViewController.swift in Sources */ = {isa = PBXBuildFile; fileRef = 2E1529602916DF92003ACEFA /* HomeViewController.swift */; };
		2E1529642916DF92003ACEFA /* Main.storyboard in Resources */ = {isa = PBXBuildFile; fileRef = 2E1529622916DF92003ACEFA /* Main.storyboard */; };
		2E1529672916DF92003ACEFA /* PracticalEnglish.xcdatamodeld in Sources */ = {isa = PBXBuildFile; fileRef = 2E1529652916DF92003ACEFA /* PracticalEnglish.xcdatamodeld */; };
		2E1529692916DF93003ACEFA /* Assets.xcassets in Resources */ = {isa = PBXBuildFile; fileRef = 2E1529682916DF93003ACEFA /* Assets.xcassets */; };
		2E15296C2916DF93003ACEFA /* LaunchScreen.storyboard in Resources */ = {isa = PBXBuildFile; fileRef = 2E15296A2916DF93003ACEFA /* LaunchScreen.storyboard */; };
		2E1529772916E0C8003ACEFA /* ButtonCell.swift in Sources */ = {isa = PBXBuildFile; fileRef = 2E1529752916E0C8003ACEFA /* ButtonCell.swift */; };
		2E1529782916E0C8003ACEFA /* ButtonCell.xib in Resources */ = {isa = PBXBuildFile; fileRef = 2E1529762916E0C8003ACEFA /* ButtonCell.xib */; };
		2E15297A2916E62D003ACEFA /* response.json in Resources */ = {isa = PBXBuildFile; fileRef = 2E1529792916E62D003ACEFA /* response.json */; };
		2E15297C2916E90C003ACEFA /* WebSite.swift in Sources */ = {isa = PBXBuildFile; fileRef = 2E15297B2916E90C003ACEFA /* WebSite.swift */; };
/* End PBXBuildFile section */

/* Begin PBXFileReference section */
		2E1529592916DF92003ACEFA /* PracticalEnglish.app */ = {isa = PBXFileReference; explicitFileType = wrapper.application; includeInIndex = 0; path = PracticalEnglish.app; sourceTree = BUILT_PRODUCTS_DIR; };
		2E15295C2916DF92003ACEFA /* AppDelegate.swift */ = {isa = PBXFileReference; lastKnownFileType = sourcecode.swift; path = AppDelegate.swift; sourceTree = "<group>"; };
		2E15295E2916DF92003ACEFA /* SceneDelegate.swift */ = {isa = PBXFileReference; lastKnownFileType = sourcecode.swift; path = SceneDelegate.swift; sourceTree = "<group>"; };
		2E1529602916DF92003ACEFA /* HomeViewController.swift */ = {isa = PBXFileReference; lastKnownFileType = sourcecode.swift; path = HomeViewController.swift; sourceTree = "<group>"; };
		2E1529632916DF92003ACEFA /* Base */ = {isa = PBXFileReference; lastKnownFileType = file.storyboard; name = Base; path = Base.lproj/Main.storyboard; sourceTree = "<group>"; };
		2E1529662916DF92003ACEFA /* PracticalEnglish.xcdatamodel */ = {isa = PBXFileReference; lastKnownFileType = wrapper.xcdatamodel; path = PracticalEnglish.xcdatamodel; sourceTree = "<group>"; };
		2E1529682916DF93003ACEFA /* Assets.xcassets */ = {isa = PBXFileReference; lastKnownFileType = folder.assetcatalog; path = Assets.xcassets; sourceTree = "<group>"; };
		2E15296B2916DF93003ACEFA /* Base */ = {isa = PBXFileReference; lastKnownFileType = file.storyboard; name = Base; path = Base.lproj/LaunchScreen.storyboard; sourceTree = "<group>"; };
		2E15296D2916DF93003ACEFA /* Info.plist */ = {isa = PBXFileReference; lastKnownFileType = text.plist.xml; path = Info.plist; sourceTree = "<group>"; };
		2E1529752916E0C8003ACEFA /* ButtonCell.swift */ = {isa = PBXFileReference; lastKnownFileType = sourcecode.swift; path = ButtonCell.swift; sourceTree = "<group>"; };
		2E1529762916E0C8003ACEFA /* ButtonCell.xib */ = {isa = PBXFileReference; lastKnownFileType = file.xib; path = ButtonCell.xib; sourceTree = "<group>"; };
		2E1529792916E62D003ACEFA /* response.json */ = {isa = PBXFileReference; lastKnownFileType = text.json; path = response.json; sourceTree = "<group>"; };
		2E15297B2916E90C003ACEFA /* WebSite.swift */ = {isa = PBXFileReference; lastKnownFileType = sourcecode.swift; path = WebSite.swift; sourceTree = "<group>"; };
/* End PBXFileReference section */

/* Begin PBXFrameworksBuildPhase section */
		2E1529562916DF91003ACEFA /* Frameworks */ = {
			isa = PBXFrameworksBuildPhase;
			buildActionMask = 2147483647;
			files = (
			);
			runOnlyForDeploymentPostprocessing = 0;
		};
/* End PBXFrameworksBuildPhase section */

/* Begin PBXGroup section */
		2E1529502916DF91003ACEFA = {
			isa = PBXGroup;
			children = (
				2E15295B2916DF92003ACEFA /* PracticalEnglish */,
				2E15295A2916DF92003ACEFA /* Products */,
			);
			sourceTree = "<group>";
		};
		2E15295A2916DF92003ACEFA /* Products */ = {
			isa = PBXGroup;
			children = (
				2E1529592916DF92003ACEFA /* PracticalEnglish.app */,
			);
			name = Products;
			sourceTree = "<group>";
		};
		2E15295B2916DF92003ACEFA /* PracticalEnglish */ = {
			isa = PBXGroup;
			children = (
				2E1529792916E62D003ACEFA /* response.json */,
				2E15296D2916DF93003ACEFA /* Info.plist */,
				2E15295C2916DF92003ACEFA /* AppDelegate.swift */,
				2E1529752916E0C8003ACEFA /* ButtonCell.swift */,
				2E1529602916DF92003ACEFA /* HomeViewController.swift */,
				2E15295E2916DF92003ACEFA /* SceneDelegate.swift */,
				2E15297B2916E90C003ACEFA /* WebSite.swift */,
				2E1529682916DF93003ACEFA /* Assets.xcassets */,
				2E1529762916E0C8003ACEFA /* ButtonCell.xib */,
				2E15296A2916DF93003ACEFA /* LaunchScreen.storyboard */,
				2E1529622916DF92003ACEFA /* Main.storyboard */,
				2E1529652916DF92003ACEFA /* PracticalEnglish.xcdatamodeld */,
			);
			path = PracticalEnglish;
			sourceTree = "<group>";
		};
/* End PBXGroup section */

/* Begin PBXNativeTarget section */
		2E1529582916DF91003ACEFA /* PracticalEnglish */ = {
			isa = PBXNativeTarget;
			buildConfigurationList = 2E1529702916DF93003ACEFA /* Build configuration list for PBXNativeTarget "PracticalEnglish" */;
			buildPhases = (
				2E1529552916DF91003ACEFA /* Sources */,
				2E1529562916DF91003ACEFA /* Frameworks */,
				2E1529572916DF91003ACEFA /* Resources */,
			);
			buildRules = (
			);
			dependencies = (
			);
			name = PracticalEnglish;
			productName = PracticalEnglish;
			productReference = 2E1529592916DF92003ACEFA /* PracticalEnglish.app */;
			productType = "com.apple.product-type.application";
		};
/* End PBXNativeTarget section */

/* Begin PBXProject section */
		2E1529512916DF91003ACEFA /* Project object */ = {
			isa = PBXProject;
			attributes = {
				BuildIndependentTargetsInParallel = 1;
				LastSwiftUpdateCheck = 1340;
				LastUpgradeCheck = 1340;
				TargetAttributes = {
					2E1529582916DF91003ACEFA = {
						CreatedOnToolsVersion = 13.4.1;
					};
				};
			};
			buildConfigurationList = 2E1529542916DF91003ACEFA /* Build configuration list for PBXProject "PracticalEnglish" */;
			compatibilityVersion = "Xcode 13.0";
			developmentRegion = en;
			hasScannedForEncodings = 0;
			knownRegions = (
				en,
				Base,
			);
			mainGroup = 2E1529502916DF91003ACEFA;
			productRefGroup = 2E15295A2916DF92003ACEFA /* Products */;
			projectDirPath = "";
			projectRoot = "";
			targets = (
				2E1529582916DF91003ACEFA /* PracticalEnglish */,
			);
		};
/* End PBXProject section */

/* Begin PBXResourcesBuildPhase section */
		2E1529572916DF91003ACEFA /* Resources */ = {
			isa = PBXResourcesBuildPhase;
			buildActionMask = 2147483647;
			files = (
				2E15296C2916DF93003ACEFA /* LaunchScreen.storyboard in Resources */,
				2E1529692916DF93003ACEFA /* Assets.xcassets in Resources */,
				2E1529642916DF92003ACEFA /* Main.storyboard in Resources */,
				2E15297A2916E62D003ACEFA /* response.json in Resources */,
				2E1529782916E0C8003ACEFA /* ButtonCell.xib in Resources */,
			);
			runOnlyForDeploymentPostprocessing = 0;
		};
/* End PBXResourcesBuildPhase section */

/* Begin PBXSourcesBuildPhase section */
		2E1529552916DF91003ACEFA /* Sources */ = {
			isa = PBXSourcesBuildPhase;
			buildActionMask = 2147483647;
			files = (
				2E1529612916DF92003ACEFA /* HomeViewController.swift in Sources */,
				2E15297C2916E90C003ACEFA /* WebSite.swift in Sources */,
				2E15295D2916DF92003ACEFA /* AppDelegate.swift in Sources */,
				2E1529672916DF92003ACEFA /* PracticalEnglish.xcdatamodeld in Sources */,
				2E1529772916E0C8003ACEFA /* ButtonCell.swift in Sources */,
				2E15295F2916DF92003ACEFA /* SceneDelegate.swift in Sources */,
			);
			runOnlyForDeploymentPostprocessing = 0;
		};
/* End PBXSourcesBuildPhase section */

/* Begin PBXVariantGroup section */
		2E1529622916DF92003ACEFA /* Main.storyboard */ = {
			isa = PBXVariantGroup;
			children = (
				2E1529632916DF92003ACEFA /* Base */,
			);
			name = Main.storyboard;
			sourceTree = "<group>";
		};
		2E15296A2916DF93003ACEFA /* LaunchScreen.storyboard */ = {
			isa = PBXVariantGroup;
			children = (
				2E15296B2916DF93003ACEFA /* Base */,
			);
			name = LaunchScreen.storyboard;
			sourceTree = "<group>";
		};
/* End PBXVariantGroup section */

/* Begin XCBuildConfiguration section */
		2E15296E2916DF93003ACEFA /* Debug */ = {
			isa = XCBuildConfiguration;
			buildSettings = {
				ALWAYS_SEARCH_USER_PATHS = NO;
				CLANG_ANALYZER_NONNULL = YES;
				CLANG_ANALYZER_NUMBER_OBJECT_CONVERSION = YES_AGGRESSIVE;
				CLANG_CXX_LANGUAGE_STANDARD = "gnu++17";
				CLANG_ENABLE_MODULES = YES;
				CLANG_ENABLE_OBJC_ARC = YES;
				CLANG_ENABLE_OBJC_WEAK = YES;
				CLANG_WARN_BLOCK_CAPTURE_AUTORELEASING = YES;
				CLANG_WARN_BOOL_CONVERSION = YES;
				CLANG_WARN_COMMA = YES;
				CLANG_WARN_CONSTANT_CONVERSION = YES;
				CLANG_WARN_DEPRECATED_OBJC_IMPLEMENTATIONS = YES;
				CLANG_WARN_DIRECT_OBJC_ISA_USAGE = YES_ERROR;
				CLANG_WARN_DOCUMENTATION_COMMENTS = YES;
				CLANG_WARN_EMPTY_BODY = YES;
				CLANG_WARN_ENUM_CONVERSION = YES;
				CLANG_WARN_INFINITE_RECURSION = YES;
				CLANG_WARN_INT_CONVERSION = YES;
				CLANG_WARN_NON_LITERAL_NULL_CONVERSION = YES;
				CLANG_WARN_OBJC_IMPLICIT_RETAIN_SELF = YES;
				CLANG_WARN_OBJC_LITERAL_CONVERSION = YES;
				CLANG_WARN_OBJC_ROOT_CLASS = YES_ERROR;
				CLANG_WARN_QUOTED_INCLUDE_IN_FRAMEWORK_HEADER = YES;
				CLANG_WARN_RANGE_LOOP_ANALYSIS = YES;
				CLANG_WARN_STRICT_PROTOTYPES = YES;
				CLANG_WARN_SUSPICIOUS_MOVE = YES;
				CLANG_WARN_UNGUARDED_AVAILABILITY = YES_AGGRESSIVE;
				CLANG_WARN_UNREACHABLE_CODE = YES;
				CLANG_WARN__DUPLICATE_METHOD_MATCH = YES;
				COPY_PHASE_STRIP = NO;
				DEBUG_INFORMATION_FORMAT = dwarf;
				ENABLE_STRICT_OBJC_MSGSEND = YES;
				ENABLE_TESTABILITY = YES;
				GCC_C_LANGUAGE_STANDARD = gnu11;
				GCC_DYNAMIC_NO_PIC = NO;
				GCC_NO_COMMON_BLOCKS = YES;
				GCC_OPTIMIZATION_LEVEL = 0;
				GCC_PREPROCESSOR_DEFINITIONS = (
					"DEBUG=1",
					"$(inherited)",
				);
				GCC_WARN_64_TO_32_BIT_CONVERSION = YES;
				GCC_WARN_ABOUT_RETURN_TYPE = YES_ERROR;
				GCC_WARN_UNDECLARED_SELECTOR = YES;
				GCC_WARN_UNINITIALIZED_AUTOS = YES_AGGRESSIVE;
				GCC_WARN_UNUSED_FUNCTION = YES;
				GCC_WARN_UNUSED_VARIABLE = YES;
				IPHONEOS_DEPLOYMENT_TARGET = 15.5;
				MTL_ENABLE_DEBUG_INFO = INCLUDE_SOURCE;
				MTL_FAST_MATH = YES;
				ONLY_ACTIVE_ARCH = YES;
				SDKROOT = iphoneos;
				SWIFT_ACTIVE_COMPILATION_CONDITIONS = DEBUG;
				SWIFT_OPTIMIZATION_LEVEL = "-Onone";
			};
			name = Debug;
		};
		2E15296F2916DF93003ACEFA /* Release */ = {
			isa = XCBuildConfiguration;
			buildSettings = {
				ALWAYS_SEARCH_USER_PATHS = NO;
				CLANG_ANALYZER_NONNULL = YES;
				CLANG_ANALYZER_NUMBER_OBJECT_CONVERSION = YES_AGGRESSIVE;
				CLANG_CXX_LANGUAGE_STANDARD = "gnu++17";
				CLANG_ENABLE_MODULES = YES;
				CLANG_ENABLE_OBJC_ARC = YES;
				CLANG_ENABLE_OBJC_WEAK = YES;
				CLANG_WARN_BLOCK_CAPTURE_AUTORELEASING = YES;
				CLANG_WARN_BOOL_CONVERSION = YES;
				CLANG_WARN_COMMA = YES;
				CLANG_WARN_CONSTANT_CONVERSION = YES;
				CLANG_WARN_DEPRECATED_OBJC_IMPLEMENTATIONS = YES;
				CLANG_WARN_DIRECT_OBJC_ISA_USAGE = YES_ERROR;
				CLANG_WARN_DOCUMENTATION_COMMENTS = YES;
				CLANG_WARN_EMPTY_BODY = YES;
				CLANG_WARN_ENUM_CONVERSION = YES;
				CLANG_WARN_INFINITE_RECURSION = YES;
				CLANG_WARN_INT_CONVERSION = YES;
				CLANG_WARN_NON_LITERAL_NULL_CONVERSION = YES;
				CLANG_WARN_OBJC_IMPLICIT_RETAIN_SELF = YES;
				CLANG_WARN_OBJC_LITERAL_CONVERSION = YES;
				CLANG_WARN_OBJC_ROOT_CLASS = YES_ERROR;
				CLANG_WARN_QUOTED_INCLUDE_IN_FRAMEWORK_HEADER = YES;
				CLANG_WARN_RANGE_LOOP_ANALYSIS = YES;
				CLANG_WARN_STRICT_PROTOTYPES = YES;
				CLANG_WARN_SUSPICIOUS_MOVE = YES;
				CLANG_WARN_UNGUARDED_AVAILABILITY = YES_AGGRESSIVE;
				CLANG_WARN_UNREACHABLE_CODE = YES;
				CLANG_WARN__DUPLICATE_METHOD_MATCH = YES;
				COPY_PHASE_STRIP = NO;
				DEBUG_INFORMATION_FORMAT = "dwarf-with-dsym";
				ENABLE_NS_ASSERTIONS = NO;
				ENABLE_STRICT_OBJC_MSGSEND = YES;
				GCC_C_LANGUAGE_STANDARD = gnu11;
				GCC_NO_COMMON_BLOCKS = YES;
				GCC_WARN_64_TO_32_BIT_CONVERSION = YES;
				GCC_WARN_ABOUT_RETURN_TYPE = YES_ERROR;
				GCC_WARN_UNDECLARED_SELECTOR = YES;
				GCC_WARN_UNINITIALIZED_AUTOS = YES_AGGRESSIVE;
				GCC_WARN_UNUSED_FUNCTION = YES;
				GCC_WARN_UNUSED_VARIABLE = YES;
				IPHONEOS_DEPLOYMENT_TARGET = 15.5;
				MTL_ENABLE_DEBUG_INFO = NO;
				MTL_FAST_MATH = YES;
				SDKROOT = iphoneos;
				SWIFT_COMPILATION_MODE = wholemodule;
				SWIFT_OPTIMIZATION_LEVEL = "-O";
				VALIDATE_PRODUCT = YES;
			};
			name = Release;
		};
		2E1529712916DF93003ACEFA /* Debug */ = {
			isa = XCBuildConfiguration;
			buildSettings = {
				ASSETCATALOG_COMPILER_APPICON_NAME = AppIcon;
				ASSETCATALOG_COMPILER_GLOBAL_ACCENT_COLOR_NAME = AccentColor;
				CODE_SIGN_STYLE = Automatic;
				CURRENT_PROJECT_VERSION = 1;
				DEVELOPMENT_TEAM = X7D49H4356;
				GENERATE_INFOPLIST_FILE = YES;
				INFOPLIST_FILE = PracticalEnglish/Info.plist;
				INFOPLIST_KEY_UIApplicationSupportsIndirectInputEvents = YES;
				INFOPLIST_KEY_UILaunchStoryboardName = LaunchScreen;
				INFOPLIST_KEY_UIMainStoryboardFile = Main;
				INFOPLIST_KEY_UISupportedInterfaceOrientations = "UIInterfaceOrientationPortrait UIInterfaceOrientationLandscapeLeft UIInterfaceOrientationLandscapeRight";
				INFOPLIST_KEY_UISupportedInterfaceOrientations_iPad = "UIInterfaceOrientationPortrait UIInterfaceOrientationPortraitUpsideDown UIInterfaceOrientationLandscapeLeft UIInterfaceOrientationLandscapeRight";
				INFOPLIST_KEY_UISupportedInterfaceOrientations_iPhone = "UIInterfaceOrientationPortrait UIInterfaceOrientationLandscapeLeft UIInterfaceOrientationLandscapeRight";
				IPHONEOS_DEPLOYMENT_TARGET = 14.0;
				LD_RUNPATH_SEARCH_PATHS = (
					"$(inherited)",
					"@executable_path/Frameworks",
				);
				MARKETING_VERSION = 1.0;
				PRODUCT_BUNDLE_IDENTIFIER = com.mustafagunes.PracticalEnglish;
				PRODUCT_NAME = "$(TARGET_NAME)";
				SWIFT_EMIT_LOC_STRINGS = YES;
				SWIFT_VERSION = 5.0;
				TARGETED_DEVICE_FAMILY = "1,2";
			};
			name = Debug;
		};
		2E1529722916DF93003ACEFA /* Release */ = {
			isa = XCBuildConfiguration;
			buildSettings = {
				ASSETCATALOG_COMPILER_APPICON_NAME = AppIcon;
				ASSETCATALOG_COMPILER_GLOBAL_ACCENT_COLOR_NAME = AccentColor;
				CODE_SIGN_IDENTITY = "Apple Development";
				CODE_SIGN_STYLE = Automatic;
				CURRENT_PROJECT_VERSION = 1;
				DEVELOPMENT_TEAM = X7D49H4356;
				GENERATE_INFOPLIST_FILE = YES;
				INFOPLIST_FILE = PracticalEnglish/Info.plist;
				INFOPLIST_KEY_UIApplicationSupportsIndirectInputEvents = YES;
				INFOPLIST_KEY_UILaunchStoryboardName = LaunchScreen;
				INFOPLIST_KEY_UIMainStoryboardFile = Main;
				INFOPLIST_KEY_UISupportedInterfaceOrientations = "UIInterfaceOrientationPortrait UIInterfaceOrientationLandscapeLeft UIInterfaceOrientationLandscapeRight";
				INFOPLIST_KEY_UISupportedInterfaceOrientations_iPad = "UIInterfaceOrientationPortrait UIInterfaceOrientationPortraitUpsideDown UIInterfaceOrientationLandscapeLeft UIInterfaceOrientationLandscapeRight";
				INFOPLIST_KEY_UISupportedInterfaceOrientations_iPhone = "UIInterfaceOrientationPortrait UIInterfaceOrientationLandscapeLeft UIInterfaceOrientationLandscapeRight";
				IPHONEOS_DEPLOYMENT_TARGET = 14.0;
				LD_RUNPATH_SEARCH_PATHS = (
					"$(inherited)",
					"@executable_path/Frameworks",
				);
				MARKETING_VERSION = 1.0;
				PRODUCT_BUNDLE_IDENTIFIER = com.mustafagunes.PracticalEnglish;
				PRODUCT_NAME = "$(TARGET_NAME)";
				PROVISIONING_PROFILE_SPECIFIER = "";
				SWIFT_EMIT_LOC_STRINGS = YES;
				SWIFT_VERSION = 5.0;
				TARGETED_DEVICE_FAMILY = "1,2";
			};
			name = Release;
		};
/* End XCBuildConfiguration section */

/* Begin XCConfigurationList section */
		2E1529542916DF91003ACEFA /* Build configuration list for PBXProject "PracticalEnglish" */ = {
			isa = XCConfigurationList;
			buildConfigurations = (
				2E15296E2916DF93003ACEFA /* Debug */,
				2E15296F2916DF93003ACEFA /* Release */,
			);
			defaultConfigurationIsVisible = 0;
			defaultConfigurationName = Release;
		};
		2E1529702916DF93003ACEFA /* Build configuration list for PBXNativeTarget "PracticalEnglish" */ = {
			isa = XCConfigurationList;
			buildConfigurations = (
				2E1529712916DF93003ACEFA /* Debug */,
				2E1529722916DF93003ACEFA /* Release */,
			);
			defaultConfigurationIsVisible = 0;
			defaultConfigurationName = Release;
		};
/* End XCConfigurationList section */

/* Begin XCVersionGroup section */
		2E1529652916DF92003ACEFA /* PracticalEnglish.xcdatamodeld */ = {
			isa = XCVersionGroup;
			children = (
				2E1529662916DF92003ACEFA /* PracticalEnglish.xcdatamodel */,
			);
			currentVersion = 2E1529662916DF92003ACEFA /* PracticalEnglish.xcdatamodel */;
			path = PracticalEnglish.xcdatamodeld;
			sourceTree = "<group>";
			versionGroupType = wrapper.xcdatamodel;
		};
/* End XCVersionGroup section */
	};
	rootObject = 2E1529512916DF91003ACEFA /* Project object */;
}
